
Microsoft Visual Studio Solution File, Format Version 12.00
# Visual Studio Version 16
VisualStudioVersion = 16.0.30523.141
MinimumVisualStudioVersion = 10.0.40219.1
Project("{FAE04EC0-301F-11D3-BF4B-00C04F79EFBC}") = "Mailocomotive", "Mailocomotive\Mailocomotive.csproj", "{87A2FFD7-7F3F-4E0F-B284-F4A37294609C}"
EndProject
Global
	GlobalSection(SolutionConfigurationPlatforms) = preSolution
		Debug|Any CPU = Debug|Any CPU
		Release|Any CPU = Release|Any CPU
	EndGlobalSection
	GlobalSection(ProjectConfigurationPlatforms) = postSolution
		{87A2FFD7-7F3F-4E0F-B284-F4A37294609C}.Debug|Any CPU.ActiveCfg = Debug|Any CPU
		{87A2FFD7-7F3F-4E0F-B284-F4A37294609C}.Debug|Any CPU.Build.0 = Debug|Any CPU
		{87A2FFD7-7F3F-4E0F-B284-F4A37294609C}.Release|Any CPU.ActiveCfg = Release|Any CPU
		{87A2FFD7-7F3F-4E0F-B284-F4A37294609C}.Release|Any CPU.Build.0 = Release|Any CPU
	EndGlobalSection
	GlobalSection(SolutionProperties) = preSolution
		HideSolutionNode = FALSE
	EndGlobalSection
	GlobalSection(ExtensibilityGlobals) = postSolution
		SolutionGuid = {47C4716E-7CFF-4912-B13A-9D0B8236BB23}
	EndGlobalSection
EndGlobal
